
Microsoft Visual Studio Solution File, Format Version 12.00
# Visual Studio 15
VisualStudioVersion = 15.0.27428.2002
MinimumVisualStudioVersion = 10.0.40219.1
Project("{FAE04EC0-301F-11D3-BF4B-00C04F79EFBC}") = "InitiativeTracker", "InitiativeTracker\InitiativeTracker.csproj", "{90187634-763A-4097-8D32-82702D4EC715}"
EndProject
Project("{FAE04EC0-301F-11D3-BF4B-00C04F79EFBC}") = "InitiativeEntryLibrary", "InitiativeEntryLibrary\InitiativeEntryLibrary.csproj", "{A68705E5-D2A8-491F-84E3-3113385D0A33}"
EndProject
Project("{FAE04EC0-301F-11D3-BF4B-00C04F79EFBC}") = "InitiativeTracker.Tests", "InitiativeTracker.Tests\InitiativeTracker.Tests.csproj", "{97EE89C5-85D3-4399-ABF3-899EE4E22504}"
EndProject
Project("{FAE04EC0-301F-11D3-BF4B-00C04F79EFBC}") = "InitiativeEntryLibrary.Tests", "InitiativeEntryLibrary.Tests\InitiativeEntryLibrary.Tests.csproj", "{27F9DE6A-B827-4A77-9A80-77E89F321950}"
EndProject
Global
	GlobalSection(SolutionConfigurationPlatforms) = preSolution
		Debug|Any CPU = Debug|Any CPU
		Release|Any CPU = Release|Any CPU
	EndGlobalSection
	GlobalSection(ProjectConfigurationPlatforms) = postSolution
		{90187634-763A-4097-8D32-82702D4EC715}.Debug|Any CPU.ActiveCfg = Debug|Any CPU
		{90187634-763A-4097-8D32-82702D4EC715}.Debug|Any CPU.Build.0 = Debug|Any CPU
		{90187634-763A-4097-8D32-82702D4EC715}.Release|Any CPU.ActiveCfg = Release|Any CPU
		{90187634-763A-4097-8D32-82702D4EC715}.Release|Any CPU.Build.0 = Release|Any CPU
		{A68705E5-D2A8-491F-84E3-3113385D0A33}.Debug|Any CPU.ActiveCfg = Debug|Any CPU
		{A68705E5-D2A8-491F-84E3-3113385D0A33}.Debug|Any CPU.Build.0 = Debug|Any CPU
		{A68705E5-D2A8-491F-84E3-3113385D0A33}.Release|Any CPU.ActiveCfg = Release|Any CPU
		{A68705E5-D2A8-491F-84E3-3113385D0A33}.Release|Any CPU.Build.0 = Release|Any CPU
		{97EE89C5-85D3-4399-ABF3-899EE4E22504}.Debug|Any CPU.ActiveCfg = Debug|Any CPU
		{97EE89C5-85D3-4399-ABF3-899EE4E22504}.Debug|Any CPU.Build.0 = Debug|Any CPU
		{97EE89C5-85D3-4399-ABF3-899EE4E22504}.Release|Any CPU.ActiveCfg = Release|Any CPU
		{97EE89C5-85D3-4399-ABF3-899EE4E22504}.Release|Any CPU.Build.0 = Release|Any CPU
		{27F9DE6A-B827-4A77-9A80-77E89F321950}.Debug|Any CPU.ActiveCfg = Debug|Any CPU
		{27F9DE6A-B827-4A77-9A80-77E89F321950}.Debug|Any CPU.Build.0 = Debug|Any CPU
		{27F9DE6A-B827-4A77-9A80-77E89F321950}.Release|Any CPU.ActiveCfg = Release|Any CPU
		{27F9DE6A-B827-4A77-9A80-77E89F321950}.Release|Any CPU.Build.0 = Release|Any CPU
	EndGlobalSection
	GlobalSection(SolutionProperties) = preSolution
		HideSolutionNode = FALSE
	EndGlobalSection
	GlobalSection(ExtensibilityGlobals) = postSolution
		SolutionGuid = {1E43DD33-668D-45BF-9880-E4B77B5E677D}
	EndGlobalSection
EndGlobal
